
Microsoft Visual Studio Solution File, Format Version 12.00
# Visual Studio 15
VisualStudioVersion = 15.0.27130.2020
MinimumVisualStudioVersion = 10.0.40219.1
Project("{FAE04EC0-301F-11D3-BF4B-00C04F79EFBC}") = "Figure", "Figure\Figure.csproj", "{2A8A7165-5338-4E05-86B8-ED4333432262}"
EndProject
Global
	GlobalSection(SolutionConfigurationPlatforms) = preSolution
		Debug|Any CPU = Debug|Any CPU
		Release|Any CPU = Release|Any CPU
	EndGlobalSection
	GlobalSection(ProjectConfigurationPlatforms) = postSolution
		{2A8A7165-5338-4E05-86B8-ED4333432262}.Debug|Any CPU.ActiveCfg = Debug|Any CPU
		{2A8A7165-5338-4E05-86B8-ED4333432262}.Debug|Any CPU.Build.0 = Debug|Any CPU
		{2A8A7165-5338-4E05-86B8-ED4333432262}.Release|Any CPU.ActiveCfg = Release|Any CPU
		{2A8A7165-5338-4E05-86B8-ED4333432262}.Release|Any CPU.Build.0 = Release|Any CPU
	EndGlobalSection
	GlobalSection(SolutionProperties) = preSolution
		HideSolutionNode = FALSE
	EndGlobalSection
	GlobalSection(ExtensibilityGlobals) = postSolution
		SolutionGuid = {FB77B399-A71A-4335-A0DD-EA309398627E}
	EndGlobalSection
EndGlobal
